// !$*UTF8*$!
{
	archiveVersion = 1;
	classes = {
	};
	objectVersion = 52;
	objects = {

/* Begin PBXBuildFile section */
		D12CBCD02586BA0D00AB2B1B /* ComposableArchitecture in Frameworks */ = {isa = PBXBuildFile; productRef = D12CBCCF2586BA0D00AB2B1B /* ComposableArchitecture */; };
		D12CBCD42586BADA00AB2B1B /* State.swift in Sources */ = {isa = PBXBuildFile; fileRef = D12CBCD32586BADA00AB2B1B /* State.swift */; };
		D12CBCD52586BADA00AB2B1B /* State.swift in Sources */ = {isa = PBXBuildFile; fileRef = D12CBCD32586BADA00AB2B1B /* State.swift */; };
		D192777C258795410071A096 /* Environment.swift in Sources */ = {isa = PBXBuildFile; fileRef = D192777B258795410071A096 /* Environment.swift */; };
		D192777D258795410071A096 /* Environment.swift in Sources */ = {isa = PBXBuildFile; fileRef = D192777B258795410071A096 /* Environment.swift */; };
		D192778F2587AEF70071A096 /* SectionItem.swift in Sources */ = {isa = PBXBuildFile; fileRef = D192778E2587AEF70071A096 /* SectionItem.swift */; };
		D19277902587AEF70071A096 /* SectionItem.swift in Sources */ = {isa = PBXBuildFile; fileRef = D192778E2587AEF70071A096 /* SectionItem.swift */; };
		D19277942587C90A0071A096 /* WasmDocument.swift in Sources */ = {isa = PBXBuildFile; fileRef = D19277932587C90A0071A096 /* WasmDocument.swift */; };
		D19277952587C90A0071A096 /* WasmDocument.swift in Sources */ = {isa = PBXBuildFile; fileRef = D19277932587C90A0071A096 /* WasmDocument.swift */; };
		D192779B2587EF340071A096 /* SectionDetails.swift in Sources */ = {isa = PBXBuildFile; fileRef = D192779A2587EF340071A096 /* SectionDetails.swift */; };
		D192779C2587EF340071A096 /* SectionDetails.swift in Sources */ = {isa = PBXBuildFile; fileRef = D192779A2587EF340071A096 /* SectionDetails.swift */; };
		D1FF98A1257D7119004ECE90 /* GravityApp.swift in Sources */ = {isa = PBXBuildFile; fileRef = D1FF988E257D7116004ECE90 /* GravityApp.swift */; };
		D1FF98A2257D7119004ECE90 /* GravityApp.swift in Sources */ = {isa = PBXBuildFile; fileRef = D1FF988E257D7116004ECE90 /* GravityApp.swift */; };
		D1FF98A3257D7119004ECE90 /* ContentView.swift in Sources */ = {isa = PBXBuildFile; fileRef = D1FF988F257D7116004ECE90 /* ContentView.swift */; };
		D1FF98A4257D7119004ECE90 /* ContentView.swift in Sources */ = {isa = PBXBuildFile; fileRef = D1FF988F257D7116004ECE90 /* ContentView.swift */; };
		D1FF98A5257D7119004ECE90 /* Assets.xcassets in Resources */ = {isa = PBXBuildFile; fileRef = D1FF9890257D7119004ECE90 /* Assets.xcassets */; };
		D1FF98A6257D7119004ECE90 /* Assets.xcassets in Resources */ = {isa = PBXBuildFile; fileRef = D1FF9890257D7119004ECE90 /* Assets.xcassets */; };
		D1FF98B3257D725D004ECE90 /* WasmTransformer in Frameworks */ = {isa = PBXBuildFile; productRef = D1FF98B2257D725D004ECE90 /* WasmTransformer */; };
/* End PBXBuildFile section */

/* Begin PBXFileReference section */
		D12CBCD32586BADA00AB2B1B /* State.swift */ = {isa = PBXFileReference; lastKnownFileType = sourcecode.swift; path = State.swift; sourceTree = "<group>"; };
		D192777B258795410071A096 /* Environment.swift */ = {isa = PBXFileReference; lastKnownFileType = sourcecode.swift; path = Environment.swift; sourceTree = "<group>"; };
		D192778E2587AEF70071A096 /* SectionItem.swift */ = {isa = PBXFileReference; lastKnownFileType = sourcecode.swift; path = SectionItem.swift; sourceTree = "<group>"; };
		D19277932587C90A0071A096 /* WasmDocument.swift */ = {isa = PBXFileReference; lastKnownFileType = sourcecode.swift; path = WasmDocument.swift; sourceTree = "<group>"; };
		D192779A2587EF340071A096 /* SectionDetails.swift */ = {isa = PBXFileReference; lastKnownFileType = sourcecode.swift; path = SectionDetails.swift; sourceTree = "<group>"; };
		D1FF988E257D7116004ECE90 /* GravityApp.swift */ = {isa = PBXFileReference; lastKnownFileType = sourcecode.swift; path = GravityApp.swift; sourceTree = "<group>"; };
		D1FF988F257D7116004ECE90 /* ContentView.swift */ = {isa = PBXFileReference; lastKnownFileType = sourcecode.swift; path = ContentView.swift; sourceTree = "<group>"; };
		D1FF9890257D7119004ECE90 /* Assets.xcassets */ = {isa = PBXFileReference; lastKnownFileType = folder.assetcatalog; path = Assets.xcassets; sourceTree = "<group>"; };
		D1FF9895257D7119004ECE90 /* Gravity.app */ = {isa = PBXFileReference; explicitFileType = wrapper.application; includeInIndex = 0; path = Gravity.app; sourceTree = BUILT_PRODUCTS_DIR; };
		D1FF9898257D7119004ECE90 /* Info.plist */ = {isa = PBXFileReference; lastKnownFileType = text.plist.xml; path = Info.plist; sourceTree = "<group>"; };
		D1FF989D257D7119004ECE90 /* Gravity.app */ = {isa = PBXFileReference; explicitFileType = wrapper.application; includeInIndex = 0; path = Gravity.app; sourceTree = BUILT_PRODUCTS_DIR; };
		D1FF989F257D7119004ECE90 /* Info.plist */ = {isa = PBXFileReference; lastKnownFileType = text.plist.xml; path = Info.plist; sourceTree = "<group>"; };
		D1FF98A0257D7119004ECE90 /* macOS.entitlements */ = {isa = PBXFileReference; lastKnownFileType = text.plist.entitlements; path = macOS.entitlements; sourceTree = "<group>"; };
/* End PBXFileReference section */

/* Begin PBXFrameworksBuildPhase section */
		D1FF9892257D7119004ECE90 /* Frameworks */ = {
			isa = PBXFrameworksBuildPhase;
			buildActionMask = 2147483647;
			files = (
			);
			runOnlyForDeploymentPostprocessing = 0;
		};
		D1FF989A257D7119004ECE90 /* Frameworks */ = {
			isa = PBXFrameworksBuildPhase;
			buildActionMask = 2147483647;
			files = (
				D12CBCD02586BA0D00AB2B1B /* ComposableArchitecture in Frameworks */,
				D1FF98B3257D725D004ECE90 /* WasmTransformer in Frameworks */,
			);
			runOnlyForDeploymentPostprocessing = 0;
		};
/* End PBXFrameworksBuildPhase section */

/* Begin PBXGroup section */
		D1FF9888257D7116004ECE90 = {
			isa = PBXGroup;
			children = (
				D1FF988D257D7116004ECE90 /* Shared */,
				D1FF9897257D7119004ECE90 /* iOS */,
				D1FF989E257D7119004ECE90 /* macOS */,
				D1FF9896257D7119004ECE90 /* Products */,
			);
			indentWidth = 2;
			sourceTree = "<group>";
			tabWidth = 2;
		};
		D1FF988D257D7116004ECE90 /* Shared */ = {
			isa = PBXGroup;
			children = (
				D1FF988F257D7116004ECE90 /* ContentView.swift */,
				D192777B258795410071A096 /* Environment.swift */,
				D1FF988E257D7116004ECE90 /* GravityApp.swift */,
				D192779A2587EF340071A096 /* SectionDetails.swift */,
				D192778E2587AEF70071A096 /* SectionItem.swift */,
				D12CBCD32586BADA00AB2B1B /* State.swift */,
				D19277932587C90A0071A096 /* WasmDocument.swift */,
				D1FF9890257D7119004ECE90 /* Assets.xcassets */,
			);
			path = Shared;
			sourceTree = "<group>";
		};
		D1FF9896257D7119004ECE90 /* Products */ = {
			isa = PBXGroup;
			children = (
				D1FF9895257D7119004ECE90 /* Gravity.app */,
				D1FF989D257D7119004ECE90 /* Gravity.app */,
			);
			name = Products;
			sourceTree = "<group>";
		};
		D1FF9897257D7119004ECE90 /* iOS */ = {
			isa = PBXGroup;
			children = (
				D1FF9898257D7119004ECE90 /* Info.plist */,
			);
			path = iOS;
			sourceTree = "<group>";
		};
		D1FF989E257D7119004ECE90 /* macOS */ = {
			isa = PBXGroup;
			children = (
				D1FF989F257D7119004ECE90 /* Info.plist */,
				D1FF98A0257D7119004ECE90 /* macOS.entitlements */,
			);
			path = macOS;
			sourceTree = "<group>";
		};
/* End PBXGroup section */

/* Begin PBXNativeTarget section */
		D1FF9894257D7119004ECE90 /* Gravity (iOS) */ = {
			isa = PBXNativeTarget;
			buildConfigurationList = D1FF98A9257D7119004ECE90 /* Build configuration list for PBXNativeTarget "Gravity (iOS)" */;
			buildPhases = (
				D1FF9891257D7119004ECE90 /* Sources */,
				D1FF9892257D7119004ECE90 /* Frameworks */,
				D1FF9893257D7119004ECE90 /* Resources */,
			);
			buildRules = (
			);
			dependencies = (
			);
			name = "Gravity (iOS)";
			productName = "Gravity (iOS)";
			productReference = D1FF9895257D7119004ECE90 /* Gravity.app */;
			productType = "com.apple.product-type.application";
		};
		D1FF989C257D7119004ECE90 /* Gravity (macOS) */ = {
			isa = PBXNativeTarget;
			buildConfigurationList = D1FF98AC257D7119004ECE90 /* Build configuration list for PBXNativeTarget "Gravity (macOS)" */;
			buildPhases = (
				D1FF9899257D7119004ECE90 /* Sources */,
				D1FF989A257D7119004ECE90 /* Frameworks */,
				D1FF989B257D7119004ECE90 /* Resources */,
			);
			buildRules = (
			);
			dependencies = (
			);
			name = "Gravity (macOS)";
			packageProductDependencies = (
				D1FF98B2257D725D004ECE90 /* WasmTransformer */,
				D12CBCCF2586BA0D00AB2B1B /* ComposableArchitecture */,
			);
			productName = "Gravity (macOS)";
			productReference = D1FF989D257D7119004ECE90 /* Gravity.app */;
			productType = "com.apple.product-type.application";
		};
/* End PBXNativeTarget section */

/* Begin PBXProject section */
		D1FF9889257D7116004ECE90 /* Project object */ = {
			isa = PBXProject;
			attributes = {
				LastSwiftUpdateCheck = 1220;
				LastUpgradeCheck = 1220;
				TargetAttributes = {
					D1FF9894257D7119004ECE90 = {
						CreatedOnToolsVersion = 12.2;
					};
					D1FF989C257D7119004ECE90 = {
						CreatedOnToolsVersion = 12.2;
					};
				};
			};
			buildConfigurationList = D1FF988C257D7116004ECE90 /* Build configuration list for PBXProject "Gravity" */;
			compatibilityVersion = "Xcode 9.3";
			developmentRegion = en;
			hasScannedForEncodings = 0;
			knownRegions = (
				en,
				Base,
			);
			mainGroup = D1FF9888257D7116004ECE90;
			packageReferences = (
				D1FF98B1257D725D004ECE90 /* XCRemoteSwiftPackageReference "WasmTransformer" */,
				D12CBCCE2586BA0D00AB2B1B /* XCRemoteSwiftPackageReference "swift-composable-architecture" */,
			);
			productRefGroup = D1FF9896257D7119004ECE90 /* Products */;
			projectDirPath = "";
			projectRoot = "";
			targets = (
				D1FF9894257D7119004ECE90 /* Gravity (iOS) */,
				D1FF989C257D7119004ECE90 /* Gravity (macOS) */,
			);
		};
/* End PBXProject section */

/* Begin PBXResourcesBuildPhase section */
		D1FF9893257D7119004ECE90 /* Resources */ = {
			isa = PBXResourcesBuildPhase;
			buildActionMask = 2147483647;
			files = (
				D1FF98A5257D7119004ECE90 /* Assets.xcassets in Resources */,
			);
			runOnlyForDeploymentPostprocessing = 0;
		};
		D1FF989B257D7119004ECE90 /* Resources */ = {
			isa = PBXResourcesBuildPhase;
			buildActionMask = 2147483647;
			files = (
				D1FF98A6257D7119004ECE90 /* Assets.xcassets in Resources */,
			);
			runOnlyForDeploymentPostprocessing = 0;
		};
/* End PBXResourcesBuildPhase section */

/* Begin PBXSourcesBuildPhase section */
		D1FF9891257D7119004ECE90 /* Sources */ = {
			isa = PBXSourcesBuildPhase;
			buildActionMask = 2147483647;
			files = (
				D1FF98A3257D7119004ECE90 /* ContentView.swift in Sources */,
				D192777C258795410071A096 /* Environment.swift in Sources */,
				D19277942587C90A0071A096 /* WasmDocument.swift in Sources */,
				D1FF98A1257D7119004ECE90 /* GravityApp.swift in Sources */,
				D192779B2587EF340071A096 /* SectionDetails.swift in Sources */,
				D192778F2587AEF70071A096 /* SectionItem.swift in Sources */,
				D12CBCD42586BADA00AB2B1B /* State.swift in Sources */,
			);
			runOnlyForDeploymentPostprocessing = 0;
		};
		D1FF9899257D7119004ECE90 /* Sources */ = {
			isa = PBXSourcesBuildPhase;
			buildActionMask = 2147483647;
			files = (
				D1FF98A4257D7119004ECE90 /* ContentView.swift in Sources */,
				D192777D258795410071A096 /* Environment.swift in Sources */,
				D19277952587C90A0071A096 /* WasmDocument.swift in Sources */,
				D1FF98A2257D7119004ECE90 /* GravityApp.swift in Sources */,
				D192779C2587EF340071A096 /* SectionDetails.swift in Sources */,
				D19277902587AEF70071A096 /* SectionItem.swift in Sources */,
				D12CBCD52586BADA00AB2B1B /* State.swift in Sources */,
			);
			runOnlyForDeploymentPostprocessing = 0;
		};
/* End PBXSourcesBuildPhase section */

/* Begin XCBuildConfiguration section */
		D1FF98A7257D7119004ECE90 /* Debug */ = {
			isa = XCBuildConfiguration;
			buildSettings = {
				ALWAYS_SEARCH_USER_PATHS = NO;
				CLANG_ANALYZER_NONNULL = YES;
				CLANG_ANALYZER_NUMBER_OBJECT_CONVERSION = YES_AGGRESSIVE;
				CLANG_CXX_LANGUAGE_STANDARD = "gnu++14";
				CLANG_CXX_LIBRARY = "libc++";
				CLANG_ENABLE_MODULES = YES;
				CLANG_ENABLE_OBJC_ARC = YES;
				CLANG_ENABLE_OBJC_WEAK = YES;
				CLANG_WARN_BLOCK_CAPTURE_AUTORELEASING = YES;
				CLANG_WARN_BOOL_CONVERSION = YES;
				CLANG_WARN_COMMA = YES;
				CLANG_WARN_CONSTANT_CONVERSION = YES;
				CLANG_WARN_DEPRECATED_OBJC_IMPLEMENTATIONS = YES;
				CLANG_WARN_DIRECT_OBJC_ISA_USAGE = YES_ERROR;
				CLANG_WARN_DOCUMENTATION_COMMENTS = YES;
				CLANG_WARN_EMPTY_BODY = YES;
				CLANG_WARN_ENUM_CONVERSION = YES;
				CLANG_WARN_INFINITE_RECURSION = YES;
				CLANG_WARN_INT_CONVERSION = YES;
				CLANG_WARN_NON_LITERAL_NULL_CONVERSION = YES;
				CLANG_WARN_OBJC_IMPLICIT_RETAIN_SELF = YES;
				CLANG_WARN_OBJC_LITERAL_CONVERSION = YES;
				CLANG_WARN_OBJC_ROOT_CLASS = YES_ERROR;
				CLANG_WARN_QUOTED_INCLUDE_IN_FRAMEWORK_HEADER = YES;
				CLANG_WARN_RANGE_LOOP_ANALYSIS = YES;
				CLANG_WARN_STRICT_PROTOTYPES = YES;
				CLANG_WARN_SUSPICIOUS_MOVE = YES;
				CLANG_WARN_UNGUARDED_AVAILABILITY = YES_AGGRESSIVE;
				CLANG_WARN_UNREACHABLE_CODE = YES;
				CLANG_WARN__DUPLICATE_METHOD_MATCH = YES;
				COPY_PHASE_STRIP = NO;
				DEBUG_INFORMATION_FORMAT = dwarf;
				ENABLE_STRICT_OBJC_MSGSEND = YES;
				ENABLE_TESTABILITY = YES;
				GCC_C_LANGUAGE_STANDARD = gnu11;
				GCC_DYNAMIC_NO_PIC = NO;
				GCC_NO_COMMON_BLOCKS = YES;
				GCC_OPTIMIZATION_LEVEL = 0;
				GCC_PREPROCESSOR_DEFINITIONS = (
					"DEBUG=1",
					"$(inherited)",
				);
				GCC_WARN_64_TO_32_BIT_CONVERSION = YES;
				GCC_WARN_ABOUT_RETURN_TYPE = YES_ERROR;
				GCC_WARN_UNDECLARED_SELECTOR = YES;
				GCC_WARN_UNINITIALIZED_AUTOS = YES_AGGRESSIVE;
				GCC_WARN_UNUSED_FUNCTION = YES;
				GCC_WARN_UNUSED_VARIABLE = YES;
				MTL_ENABLE_DEBUG_INFO = INCLUDE_SOURCE;
				MTL_FAST_MATH = YES;
				ONLY_ACTIVE_ARCH = YES;
				SWIFT_ACTIVE_COMPILATION_CONDITIONS = DEBUG;
				SWIFT_OPTIMIZATION_LEVEL = "-Onone";
			};
			name = Debug;
		};
		D1FF98A8257D7119004ECE90 /* Release */ = {
			isa = XCBuildConfiguration;
			buildSettings = {
				ALWAYS_SEARCH_USER_PATHS = NO;
				CLANG_ANALYZER_NONNULL = YES;
				CLANG_ANALYZER_NUMBER_OBJECT_CONVERSION = YES_AGGRESSIVE;
				CLANG_CXX_LANGUAGE_STANDARD = "gnu++14";
				CLANG_CXX_LIBRARY = "libc++";
				CLANG_ENABLE_MODULES = YES;
				CLANG_ENABLE_OBJC_ARC = YES;
				CLANG_ENABLE_OBJC_WEAK = YES;
				CLANG_WARN_BLOCK_CAPTURE_AUTORELEASING = YES;
				CLANG_WARN_BOOL_CONVERSION = YES;
				CLANG_WARN_COMMA = YES;
				CLANG_WARN_CONSTANT_CONVERSION = YES;
				CLANG_WARN_DEPRECATED_OBJC_IMPLEMENTATIONS = YES;
				CLANG_WARN_DIRECT_OBJC_ISA_USAGE = YES_ERROR;
				CLANG_WARN_DOCUMENTATION_COMMENTS = YES;
				CLANG_WARN_EMPTY_BODY = YES;
				CLANG_WARN_ENUM_CONVERSION = YES;
				CLANG_WARN_INFINITE_RECURSION = YES;
				CLANG_WARN_INT_CONVERSION = YES;
				CLANG_WARN_NON_LITERAL_NULL_CONVERSION = YES;
				CLANG_WARN_OBJC_IMPLICIT_RETAIN_SELF = YES;
				CLANG_WARN_OBJC_LITERAL_CONVERSION = YES;
				CLANG_WARN_OBJC_ROOT_CLASS = YES_ERROR;
				CLANG_WARN_QUOTED_INCLUDE_IN_FRAMEWORK_HEADER = YES;
				CLANG_WARN_RANGE_LOOP_ANALYSIS = YES;
				CLANG_WARN_STRICT_PROTOTYPES = YES;
				CLANG_WARN_SUSPICIOUS_MOVE = YES;
				CLANG_WARN_UNGUARDED_AVAILABILITY = YES_AGGRESSIVE;
				CLANG_WARN_UNREACHABLE_CODE = YES;
				CLANG_WARN__DUPLICATE_METHOD_MATCH = YES;
				COPY_PHASE_STRIP = NO;
				DEBUG_INFORMATION_FORMAT = "dwarf-with-dsym";
				ENABLE_NS_ASSERTIONS = NO;
				ENABLE_STRICT_OBJC_MSGSEND = YES;
				GCC_C_LANGUAGE_STANDARD = gnu11;
				GCC_NO_COMMON_BLOCKS = YES;
				GCC_WARN_64_TO_32_BIT_CONVERSION = YES;
				GCC_WARN_ABOUT_RETURN_TYPE = YES_ERROR;
				GCC_WARN_UNDECLARED_SELECTOR = YES;
				GCC_WARN_UNINITIALIZED_AUTOS = YES_AGGRESSIVE;
				GCC_WARN_UNUSED_FUNCTION = YES;
				GCC_WARN_UNUSED_VARIABLE = YES;
				MTL_ENABLE_DEBUG_INFO = NO;
				MTL_FAST_MATH = YES;
				SWIFT_COMPILATION_MODE = wholemodule;
				SWIFT_OPTIMIZATION_LEVEL = "-O";
			};
			name = Release;
		};
		D1FF98AA257D7119004ECE90 /* Debug */ = {
			isa = XCBuildConfiguration;
			buildSettings = {
				ASSETCATALOG_COMPILER_APPICON_NAME = AppIcon;
				ASSETCATALOG_COMPILER_GLOBAL_ACCENT_COLOR_NAME = AccentColor;
				CODE_SIGN_STYLE = Automatic;
				DEVELOPMENT_TEAM = H4Z9Z4RD2G;
				ENABLE_PREVIEWS = YES;
				INFOPLIST_FILE = iOS/Info.plist;
				IPHONEOS_DEPLOYMENT_TARGET = 14.0;
				LD_RUNPATH_SEARCH_PATHS = (
					"$(inherited)",
					"@executable_path/Frameworks",
				);
				PRODUCT_BUNDLE_IDENTIFIER = com.dsignal.Gravity;
				PRODUCT_NAME = Gravity;
				SDKROOT = iphoneos;
				SWIFT_VERSION = 5.0;
				TARGETED_DEVICE_FAMILY = "1,2";
			};
			name = Debug;
		};
		D1FF98AB257D7119004ECE90 /* Release */ = {
			isa = XCBuildConfiguration;
			buildSettings = {
				ASSETCATALOG_COMPILER_APPICON_NAME = AppIcon;
				ASSETCATALOG_COMPILER_GLOBAL_ACCENT_COLOR_NAME = AccentColor;
				CODE_SIGN_STYLE = Automatic;
				DEVELOPMENT_TEAM = H4Z9Z4RD2G;
				ENABLE_PREVIEWS = YES;
				INFOPLIST_FILE = iOS/Info.plist;
				IPHONEOS_DEPLOYMENT_TARGET = 14.0;
				LD_RUNPATH_SEARCH_PATHS = (
					"$(inherited)",
					"@executable_path/Frameworks",
				);
				PRODUCT_BUNDLE_IDENTIFIER = com.dsignal.Gravity;
				PRODUCT_NAME = Gravity;
				SDKROOT = iphoneos;
				SWIFT_VERSION = 5.0;
				TARGETED_DEVICE_FAMILY = "1,2";
				VALIDATE_PRODUCT = YES;
			};
			name = Release;
		};
		D1FF98AD257D7119004ECE90 /* Debug */ = {
			isa = XCBuildConfiguration;
			buildSettings = {
				ASSETCATALOG_COMPILER_APPICON_NAME = AppIcon;
				ASSETCATALOG_COMPILER_GLOBAL_ACCENT_COLOR_NAME = AccentColor;
				CODE_SIGN_ENTITLEMENTS = macOS/macOS.entitlements;
				CODE_SIGN_IDENTITY = "-";
				CODE_SIGN_STYLE = Automatic;
				COMBINE_HIDPI_IMAGES = YES;
				DEVELOPMENT_TEAM = H4Z9Z4RD2G;
				ENABLE_HARDENED_RUNTIME = YES;
				ENABLE_PREVIEWS = YES;
				INFOPLIST_FILE = macOS/Info.plist;
				LD_RUNPATH_SEARCH_PATHS = (
					"$(inherited)",
					"@executable_path/../Frameworks",
				);
				MACOSX_DEPLOYMENT_TARGET = 11.0;
				PRODUCT_BUNDLE_IDENTIFIER = com.dsignal.Gravity;
				PRODUCT_NAME = Gravity;
				SDKROOT = macosx;
				SWIFT_VERSION = 5.0;
			};
			name = Debug;
		};
		D1FF98AE257D7119004ECE90 /* Release */ = {
			isa = XCBuildConfiguration;
			buildSettings = {
				ASSETCATALOG_COMPILER_APPICON_NAME = AppIcon;
				ASSETCATALOG_COMPILER_GLOBAL_ACCENT_COLOR_NAME = AccentColor;
				CODE_SIGN_ENTITLEMENTS = macOS/macOS.entitlements;
				CODE_SIGN_IDENTITY = "-";
				CODE_SIGN_STYLE = Automatic;
				COMBINE_HIDPI_IMAGES = YES;
				DEVELOPMENT_TEAM = H4Z9Z4RD2G;
				ENABLE_HARDENED_RUNTIME = YES;
				ENABLE_PREVIEWS = YES;
				INFOPLIST_FILE = macOS/Info.plist;
				LD_RUNPATH_SEARCH_PATHS = (
					"$(inherited)",
					"@executable_path/../Frameworks",
				);
				MACOSX_DEPLOYMENT_TARGET = 11.0;
				PRODUCT_BUNDLE_IDENTIFIER = com.dsignal.Gravity;
				PRODUCT_NAME = Gravity;
				SDKROOT = macosx;
				SWIFT_VERSION = 5.0;
			};
			name = Release;
		};
/* End XCBuildConfiguration section */

/* Begin XCConfigurationList section */
		D1FF988C257D7116004ECE90 /* Build configuration list for PBXProject "Gravity" */ = {
			isa = XCConfigurationList;
			buildConfigurations = (
				D1FF98A7257D7119004ECE90 /* Debug */,
				D1FF98A8257D7119004ECE90 /* Release */,
			);
			defaultConfigurationIsVisible = 0;
			defaultConfigurationName = Release;
		};
		D1FF98A9257D7119004ECE90 /* Build configuration list for PBXNativeTarget "Gravity (iOS)" */ = {
			isa = XCConfigurationList;
			buildConfigurations = (
				D1FF98AA257D7119004ECE90 /* Debug */,
				D1FF98AB257D7119004ECE90 /* Release */,
			);
			defaultConfigurationIsVisible = 0;
			defaultConfigurationName = Release;
		};
		D1FF98AC257D7119004ECE90 /* Build configuration list for PBXNativeTarget "Gravity (macOS)" */ = {
			isa = XCConfigurationList;
			buildConfigurations = (
				D1FF98AD257D7119004ECE90 /* Debug */,
				D1FF98AE257D7119004ECE90 /* Release */,
			);
			defaultConfigurationIsVisible = 0;
			defaultConfigurationName = Release;
		};
/* End XCConfigurationList section */

/* Begin XCRemoteSwiftPackageReference section */
		D12CBCCE2586BA0D00AB2B1B /* XCRemoteSwiftPackageReference "swift-composable-architecture" */ = {
			isa = XCRemoteSwiftPackageReference;
			repositoryURL = "https://github.com/pointfreeco/swift-composable-architecture.git";
			requirement = {
				kind = upToNextMajorVersion;
				minimumVersion = 0.9.0;
			};
		};
		D1FF98B1257D725D004ECE90 /* XCRemoteSwiftPackageReference "WasmTransformer" */ = {
			isa = XCRemoteSwiftPackageReference;
			repositoryURL = "https://github.com/swiftwasm/WasmTransformer.git";
			requirement = {
				branch = main;
				kind = branch;
			};
		};
/* End XCRemoteSwiftPackageReference section */

/* Begin XCSwiftPackageProductDependency section */
		D12CBCCF2586BA0D00AB2B1B /* ComposableArchitecture */ = {
			isa = XCSwiftPackageProductDependency;
			package = D12CBCCE2586BA0D00AB2B1B /* XCRemoteSwiftPackageReference "swift-composable-architecture" */;
			productName = ComposableArchitecture;
		};
		D1FF98B2257D725D004ECE90 /* WasmTransformer */ = {
			isa = XCSwiftPackageProductDependency;
			package = D1FF98B1257D725D004ECE90 /* XCRemoteSwiftPackageReference "WasmTransformer" */;
			productName = WasmTransformer;
		};
/* End XCSwiftPackageProductDependency section */
	};
	rootObject = D1FF9889257D7116004ECE90 /* Project object */;
}
